
Microsoft Visual Studio Solution File, Format Version 12.00
# Visual Studio Version 16
VisualStudioVersion = 16.0.30611.23
MinimumVisualStudioVersion = 10.0.40219.1
Project("{FAE04EC0-301F-11D3-BF4B-00C04F79EFBC}") = "HMS", "HMS.csproj", "{2C474699-5114-4158-8FB9-E021D367CF87}"
EndProject
Global
	GlobalSection(SolutionConfigurationPlatforms) = preSolution
		Debug|Any CPU = Debug|Any CPU
		Release|Any CPU = Release|Any CPU
	EndGlobalSection
	GlobalSection(ProjectConfigurationPlatforms) = postSolution
		{2C474699-5114-4158-8FB9-E021D367CF87}.Debug|Any CPU.ActiveCfg = Debug|Any CPU
		{2C474699-5114-4158-8FB9-E021D367CF87}.Debug|Any CPU.Build.0 = Debug|Any CPU
		{2C474699-5114-4158-8FB9-E021D367CF87}.Release|Any CPU.ActiveCfg = Release|Any CPU
		{2C474699-5114-4158-8FB9-E021D367CF87}.Release|Any CPU.Build.0 = Release|Any CPU
	EndGlobalSection
	GlobalSection(SolutionProperties) = preSolution
		HideSolutionNode = FALSE
	EndGlobalSection
	GlobalSection(ExtensibilityGlobals) = postSolution
		SolutionGuid = {AE86B529-C051-45DC-A9F0-4B7B8E3F0387}
	EndGlobalSection
EndGlobal
